
Microsoft Visual Studio Solution File, Format Version 12.00
# Visual Studio Version 17
VisualStudioVersion = 17.1.32328.378
MinimumVisualStudioVersion = 10.0.40219.1
Project("{FAE04EC0-301F-11D3-BF4B-00C04F79EFBC}") = "TriggerSoftwareSolutions", "TriggerSoftwareSolutions\TriggerSoftwareSolutions.csproj", "{3EE0F8E7-EE40-49CA-89D7-98999BA1342D}"
EndProject
Global
	GlobalSection(SolutionConfigurationPlatforms) = preSolution
		Debug|Any CPU = Debug|Any CPU
		Release|Any CPU = Release|Any CPU
	EndGlobalSection
	GlobalSection(ProjectConfigurationPlatforms) = postSolution
		{3EE0F8E7-EE40-49CA-89D7-98999BA1342D}.Debug|Any CPU.ActiveCfg = Debug|Any CPU
		{3EE0F8E7-EE40-49CA-89D7-98999BA1342D}.Debug|Any CPU.Build.0 = Debug|Any CPU
		{3EE0F8E7-EE40-49CA-89D7-98999BA1342D}.Release|Any CPU.ActiveCfg = Release|Any CPU
		{3EE0F8E7-EE40-49CA-89D7-98999BA1342D}.Release|Any CPU.Build.0 = Release|Any CPU
	EndGlobalSection
	GlobalSection(SolutionProperties) = preSolution
		HideSolutionNode = FALSE
	EndGlobalSection
	GlobalSection(ExtensibilityGlobals) = postSolution
		SolutionGuid = {4BB226AB-EA3B-40F6-9A5C-85AEA7EB554D}
	EndGlobalSection
EndGlobal
